
Microsoft Visual Studio Solution File, Format Version 12.00
# Visual Studio Version 16
VisualStudioVersion = 16.0.30011.22
MinimumVisualStudioVersion = 10.0.40219.1
Project("{2150E333-8FDC-42A3-9474-1A3956D46DE8}") = "API", "API", "{5D846303-F866-4D29-A321-272FDFDAD670}"
EndProject
Project("{2150E333-8FDC-42A3-9474-1A3956D46DE8}") = "WebApp", "WebApp", "{B833EC27-DE92-47B3-92EE-F5A8DF09DE7A}"
	ProjectSection(SolutionItems) = preProject
		TextFile1.txt = TextFile1.txt
	EndProjectSection
EndProject
Project("{9A19103F-16F7-4668-BE54-9A1E7A4F7556}") = "WM.API", "src\API\WM.API\WM.API.csproj", "{DF499F23-6E71-4903-A707-B499EF7B5FA8}"
EndProject
Project("{9A19103F-16F7-4668-BE54-9A1E7A4F7556}") = "WM.Domain", "src\API\WM.Domain\WM.Domain.csproj", "{2DF5C136-310F-44F6-9E61-AF0744380400}"
EndProject
Project("{9A19103F-16F7-4668-BE54-9A1E7A4F7556}") = "WM.Infra", "src\API\WM.Infra\WM.Infra.csproj", "{5B12B5C7-EABC-44BD-9938-942571E456D6}"
EndProject
Global
	GlobalSection(SolutionConfigurationPlatforms) = preSolution
		Debug|Any CPU = Debug|Any CPU
		Release|Any CPU = Release|Any CPU
	EndGlobalSection
	GlobalSection(ProjectConfigurationPlatforms) = postSolution
		{DF499F23-6E71-4903-A707-B499EF7B5FA8}.Debug|Any CPU.ActiveCfg = Debug|Any CPU
		{DF499F23-6E71-4903-A707-B499EF7B5FA8}.Debug|Any CPU.Build.0 = Debug|Any CPU
		{DF499F23-6E71-4903-A707-B499EF7B5FA8}.Release|Any CPU.ActiveCfg = Release|Any CPU
		{DF499F23-6E71-4903-A707-B499EF7B5FA8}.Release|Any CPU.Build.0 = Release|Any CPU
		{2DF5C136-310F-44F6-9E61-AF0744380400}.Debug|Any CPU.ActiveCfg = Debug|Any CPU
		{2DF5C136-310F-44F6-9E61-AF0744380400}.Debug|Any CPU.Build.0 = Debug|Any CPU
		{2DF5C136-310F-44F6-9E61-AF0744380400}.Release|Any CPU.ActiveCfg = Release|Any CPU
		{2DF5C136-310F-44F6-9E61-AF0744380400}.Release|Any CPU.Build.0 = Release|Any CPU
		{5B12B5C7-EABC-44BD-9938-942571E456D6}.Debug|Any CPU.ActiveCfg = Debug|Any CPU
		{5B12B5C7-EABC-44BD-9938-942571E456D6}.Debug|Any CPU.Build.0 = Debug|Any CPU
		{5B12B5C7-EABC-44BD-9938-942571E456D6}.Release|Any CPU.ActiveCfg = Release|Any CPU
		{5B12B5C7-EABC-44BD-9938-942571E456D6}.Release|Any CPU.Build.0 = Release|Any CPU
	EndGlobalSection
	GlobalSection(SolutionProperties) = preSolution
		HideSolutionNode = FALSE
	EndGlobalSection
	GlobalSection(NestedProjects) = preSolution
		{DF499F23-6E71-4903-A707-B499EF7B5FA8} = {5D846303-F866-4D29-A321-272FDFDAD670}
		{2DF5C136-310F-44F6-9E61-AF0744380400} = {5D846303-F866-4D29-A321-272FDFDAD670}
		{5B12B5C7-EABC-44BD-9938-942571E456D6} = {5D846303-F866-4D29-A321-272FDFDAD670}
	EndGlobalSection
	GlobalSection(ExtensibilityGlobals) = postSolution
		SolutionGuid = {77BE1B0B-4E8A-4F66-AED6-95049B42B3EA}
	EndGlobalSection
EndGlobal
